
Microsoft Visual Studio Solution File, Format Version 12.00
# Visual Studio 15
VisualStudioVersion = 15.0.28307.757
MinimumVisualStudioVersion = 10.0.40219.1
Project("{8BC9CEB8-8B4A-11D0-8D11-00A0C91BC942}") = "gtsdb", "gtsdb\gtsdb.vcxproj", "{EC73B8AB-2C49-4D72-94A1-9E3A5AB4750B}"
EndProject
Project("{8BC9CEB8-8B4A-11D0-8D11-00A0C91BC942}") = "gtsdb10", "gtsdb10\gtsdb10.vcxproj", "{385FDFE3-6FAF-4E73-B6F2-5B94574562D3}"
EndProject
Global
	GlobalSection(SolutionConfigurationPlatforms) = preSolution
		Debug|x64 = Debug|x64
		Release|x64 = Release|x64
	EndGlobalSection
	GlobalSection(ProjectConfigurationPlatforms) = postSolution
		{EC73B8AB-2C49-4D72-94A1-9E3A5AB4750B}.Debug|x64.ActiveCfg = Debug|x64
		{EC73B8AB-2C49-4D72-94A1-9E3A5AB4750B}.Debug|x64.Build.0 = Debug|x64
		{EC73B8AB-2C49-4D72-94A1-9E3A5AB4750B}.Release|x64.ActiveCfg = Release|x64
		{EC73B8AB-2C49-4D72-94A1-9E3A5AB4750B}.Release|x64.Build.0 = Release|x64
		{385FDFE3-6FAF-4E73-B6F2-5B94574562D3}.Debug|x64.ActiveCfg = Debug|x64
		{385FDFE3-6FAF-4E73-B6F2-5B94574562D3}.Debug|x64.Build.0 = Debug|x64
		{385FDFE3-6FAF-4E73-B6F2-5B94574562D3}.Release|x64.ActiveCfg = Release|x64
		{385FDFE3-6FAF-4E73-B6F2-5B94574562D3}.Release|x64.Build.0 = Release|x64
	EndGlobalSection
	GlobalSection(SolutionProperties) = preSolution
		HideSolutionNode = FALSE
	EndGlobalSection
	GlobalSection(ExtensibilityGlobals) = postSolution
		SolutionGuid = {A7DFD508-6F12-454A-AEE6-E20B386E061F}
	EndGlobalSection
EndGlobal
